// !$*UTF8*$!
{
	archiveVersion = 1;
	classes = {
	};
	objectVersion = 46;
	objects = {

/* Begin PBXBuildFile section */
		561118431F6A128700BD1B38 /* AppDelegate.swift in Sources */ = {isa = PBXBuildFile; fileRef = 561118421F6A128700BD1B38 /* AppDelegate.swift */; };
		561118451F6A128700BD1B38 /* ViewController.swift in Sources */ = {isa = PBXBuildFile; fileRef = 561118441F6A128700BD1B38 /* ViewController.swift */; };
		561118481F6A128700BD1B38 /* Main.storyboard in Resources */ = {isa = PBXBuildFile; fileRef = 561118461F6A128700BD1B38 /* Main.storyboard */; };
		5611184A1F6A128700BD1B38 /* Assets.xcassets in Resources */ = {isa = PBXBuildFile; fileRef = 561118491F6A128700BD1B38 /* Assets.xcassets */; };
		5611184D1F6A128700BD1B38 /* LaunchScreen.storyboard in Resources */ = {isa = PBXBuildFile; fileRef = 5611184B1F6A128700BD1B38 /* LaunchScreen.storyboard */; };
		561118581F6A128700BD1B38 /* MVCTests.swift in Sources */ = {isa = PBXBuildFile; fileRef = 561118571F6A128700BD1B38 /* MVCTests.swift */; };
		561118631F6A128700BD1B38 /* MVCUITests.swift in Sources */ = {isa = PBXBuildFile; fileRef = 561118621F6A128700BD1B38 /* MVCUITests.swift */; };
		561118751F6A12FD00BD1B38 /* Person.swift in Sources */ = {isa = PBXBuildFile; fileRef = 561118741F6A12FD00BD1B38 /* Person.swift */; };
/* End PBXBuildFile section */

/* Begin PBXContainerItemProxy section */
		561118541F6A128700BD1B38 /* PBXContainerItemProxy */ = {
			isa = PBXContainerItemProxy;
			containerPortal = 561118371F6A128700BD1B38 /* Project object */;
			proxyType = 1;
			remoteGlobalIDString = 5611183E1F6A128700BD1B38;
			remoteInfo = MVC;
		};
		5611185F1F6A128700BD1B38 /* PBXContainerItemProxy */ = {
			isa = PBXContainerItemProxy;
			containerPortal = 561118371F6A128700BD1B38 /* Project object */;
			proxyType = 1;
			remoteGlobalIDString = 5611183E1F6A128700BD1B38;
			remoteInfo = MVC;
		};
/* End PBXContainerItemProxy section */

/* Begin PBXFileReference section */
		5611183F1F6A128700BD1B38 /* MVC.app */ = {isa = PBXFileReference; explicitFileType = wrapper.application; includeInIndex = 0; path = MVC.app; sourceTree = BUILT_PRODUCTS_DIR; };
		561118421F6A128700BD1B38 /* AppDelegate.swift */ = {isa = PBXFileReference; lastKnownFileType = sourcecode.swift; path = AppDelegate.swift; sourceTree = "<group>"; };
		561118441F6A128700BD1B38 /* ViewController.swift */ = {isa = PBXFileReference; lastKnownFileType = sourcecode.swift; path = ViewController.swift; sourceTree = "<group>"; };
		561118471F6A128700BD1B38 /* Base */ = {isa = PBXFileReference; lastKnownFileType = file.storyboard; name = Base; path = Base.lproj/Main.storyboard; sourceTree = "<group>"; };
		561118491F6A128700BD1B38 /* Assets.xcassets */ = {isa = PBXFileReference; lastKnownFileType = folder.assetcatalog; path = Assets.xcassets; sourceTree = "<group>"; };
		5611184C1F6A128700BD1B38 /* Base */ = {isa = PBXFileReference; lastKnownFileType = file.storyboard; name = Base; path = Base.lproj/LaunchScreen.storyboard; sourceTree = "<group>"; };
		5611184E1F6A128700BD1B38 /* Info.plist */ = {isa = PBXFileReference; lastKnownFileType = text.plist.xml; path = Info.plist; sourceTree = "<group>"; };
		561118531F6A128700BD1B38 /* MVCTests.xctest */ = {isa = PBXFileReference; explicitFileType = wrapper.cfbundle; includeInIndex = 0; path = MVCTests.xctest; sourceTree = BUILT_PRODUCTS_DIR; };
		561118571F6A128700BD1B38 /* MVCTests.swift */ = {isa = PBXFileReference; lastKnownFileType = sourcecode.swift; path = MVCTests.swift; sourceTree = "<group>"; };
		561118591F6A128700BD1B38 /* Info.plist */ = {isa = PBXFileReference; lastKnownFileType = text.plist.xml; path = Info.plist; sourceTree = "<group>"; };
		5611185E1F6A128700BD1B38 /* MVCUITests.xctest */ = {isa = PBXFileReference; explicitFileType = wrapper.cfbundle; includeInIndex = 0; path = MVCUITests.xctest; sourceTree = BUILT_PRODUCTS_DIR; };
		561118621F6A128700BD1B38 /* MVCUITests.swift */ = {isa = PBXFileReference; lastKnownFileType = sourcecode.swift; path = MVCUITests.swift; sourceTree = "<group>"; };
		561118641F6A128700BD1B38 /* Info.plist */ = {isa = PBXFileReference; lastKnownFileType = text.plist.xml; path = Info.plist; sourceTree = "<group>"; };
		561118741F6A12FD00BD1B38 /* Person.swift */ = {isa = PBXFileReference; fileEncoding = 4; lastKnownFileType = sourcecode.swift; path = Person.swift; sourceTree = "<group>"; };
/* End PBXFileReference section */

/* Begin PBXFrameworksBuildPhase section */
		5611183C1F6A128700BD1B38 /* Frameworks */ = {
			isa = PBXFrameworksBuildPhase;
			buildActionMask = 2147483647;
			files = (
			);
			runOnlyForDeploymentPostprocessing = 0;
		};
		561118501F6A128700BD1B38 /* Frameworks */ = {
			isa = PBXFrameworksBuildPhase;
			buildActionMask = 2147483647;
			files = (
			);
			runOnlyForDeploymentPostprocessing = 0;
		};
		5611185B1F6A128700BD1B38 /* Frameworks */ = {
			isa = PBXFrameworksBuildPhase;
			buildActionMask = 2147483647;
			files = (
			);
			runOnlyForDeploymentPostprocessing = 0;
		};
/* End PBXFrameworksBuildPhase section */

/* Begin PBXGroup section */
		561118361F6A128700BD1B38 = {
			isa = PBXGroup;
			children = (
				561118411F6A128700BD1B38 /* MVC */,
				561118561F6A128700BD1B38 /* MVCTests */,
				561118611F6A128700BD1B38 /* MVCUITests */,
				561118401F6A128700BD1B38 /* Products */,
			);
			sourceTree = "<group>";
		};
		561118401F6A128700BD1B38 /* Products */ = {
			isa = PBXGroup;
			children = (
				5611183F1F6A128700BD1B38 /* MVC.app */,
				561118531F6A128700BD1B38 /* MVCTests.xctest */,
				5611185E1F6A128700BD1B38 /* MVCUITests.xctest */,
			);
			name = Products;
			sourceTree = "<group>";
		};
		561118411F6A128700BD1B38 /* MVC */ = {
			isa = PBXGroup;
			children = (
				561118731F6A12D800BD1B38 /* base */,
				561118721F6A12C700BD1B38 /* controller */,
				561118711F6A12BE00BD1B38 /* view */,
				561118701F6A12B600BD1B38 /* model */,
				561118491F6A128700BD1B38 /* Assets.xcassets */,
				5611184B1F6A128700BD1B38 /* LaunchScreen.storyboard */,
				5611184E1F6A128700BD1B38 /* Info.plist */,
			);
			path = MVC;
			sourceTree = "<group>";
		};
		561118561F6A128700BD1B38 /* MVCTests */ = {
			isa = PBXGroup;
			children = (
				561118571F6A128700BD1B38 /* MVCTests.swift */,
				561118591F6A128700BD1B38 /* Info.plist */,
			);
			path = MVCTests;
			sourceTree = "<group>";
		};
		561118611F6A128700BD1B38 /* MVCUITests */ = {
			isa = PBXGroup;
			children = (
				561118621F6A128700BD1B38 /* MVCUITests.swift */,
				561118641F6A128700BD1B38 /* Info.plist */,
			);
			path = MVCUITests;
			sourceTree = "<group>";
		};
		561118701F6A12B600BD1B38 /* model */ = {
			isa = PBXGroup;
			children = (
				561118741F6A12FD00BD1B38 /* Person.swift */,
			);
			name = model;
			sourceTree = "<group>";
		};
		561118711F6A12BE00BD1B38 /* view */ = {
			isa = PBXGroup;
			children = (
				561118461F6A128700BD1B38 /* Main.storyboard */,
			);
			name = view;
			sourceTree = "<group>";
		};
		561118721F6A12C700BD1B38 /* controller */ = {
			isa = PBXGroup;
			children = (
				561118441F6A128700BD1B38 /* ViewController.swift */,
			);
			name = controller;
			sourceTree = "<group>";
		};
		561118731F6A12D800BD1B38 /* base */ = {
			isa = PBXGroup;
			children = (
				561118421F6A128700BD1B38 /* AppDelegate.swift */,
			);
			name = base;
			sourceTree = "<group>";
		};
/* End PBXGroup section */

/* Begin PBXNativeTarget section */
		5611183E1F6A128700BD1B38 /* MVC */ = {
			isa = PBXNativeTarget;
			buildConfigurationList = 561118671F6A128700BD1B38 /* Build configuration list for PBXNativeTarget "MVC" */;
			buildPhases = (
				5611183B1F6A128700BD1B38 /* Sources */,
				5611183C1F6A128700BD1B38 /* Frameworks */,
				5611183D1F6A128700BD1B38 /* Resources */,
			);
			buildRules = (
			);
			dependencies = (
			);
			name = MVC;
			productName = MVC;
			productReference = 5611183F1F6A128700BD1B38 /* MVC.app */;
			productType = "com.apple.product-type.application";
		};
		561118521F6A128700BD1B38 /* MVCTests */ = {
			isa = PBXNativeTarget;
			buildConfigurationList = 5611186A1F6A128700BD1B38 /* Build configuration list for PBXNativeTarget "MVCTests" */;
			buildPhases = (
				5611184F1F6A128700BD1B38 /* Sources */,
				561118501F6A128700BD1B38 /* Frameworks */,
				561118511F6A128700BD1B38 /* Resources */,
			);
			buildRules = (
			);
			dependencies = (
				561118551F6A128700BD1B38 /* PBXTargetDependency */,
			);
			name = MVCTests;
			productName = MVCTests;
			productReference = 561118531F6A128700BD1B38 /* MVCTests.xctest */;
			productType = "com.apple.product-type.bundle.unit-test";
		};
		5611185D1F6A128700BD1B38 /* MVCUITests */ = {
			isa = PBXNativeTarget;
			buildConfigurationList = 5611186D1F6A128700BD1B38 /* Build configuration list for PBXNativeTarget "MVCUITests" */;
			buildPhases = (
				5611185A1F6A128700BD1B38 /* Sources */,
				5611185B1F6A128700BD1B38 /* Frameworks */,
				5611185C1F6A128700BD1B38 /* Resources */,
			);
			buildRules = (
			);
			dependencies = (
				561118601F6A128700BD1B38 /* PBXTargetDependency */,
			);
			name = MVCUITests;
			productName = MVCUITests;
			productReference = 5611185E1F6A128700BD1B38 /* MVCUITests.xctest */;
			productType = "com.apple.product-type.bundle.ui-testing";
		};
/* End PBXNativeTarget section */

/* Begin PBXProject section */
		561118371F6A128700BD1B38 /* Project object */ = {
			isa = PBXProject;
			attributes = {
				LastSwiftUpdateCheck = 0830;
				LastUpgradeCheck = 0830;
				ORGANIZATIONNAME = "Swaminathan Nagarajan";
				TargetAttributes = {
					5611183E1F6A128700BD1B38 = {
						CreatedOnToolsVersion = 8.3.3;
						DevelopmentTeam = HX62J36Y6Q;
						ProvisioningStyle = Automatic;
					};
					561118521F6A128700BD1B38 = {
						CreatedOnToolsVersion = 8.3.3;
						DevelopmentTeam = HX62J36Y6Q;
						ProvisioningStyle = Automatic;
						TestTargetID = 5611183E1F6A128700BD1B38;
					};
					5611185D1F6A128700BD1B38 = {
						CreatedOnToolsVersion = 8.3.3;
						DevelopmentTeam = HX62J36Y6Q;
						ProvisioningStyle = Automatic;
						TestTargetID = 5611183E1F6A128700BD1B38;
					};
				};
			};
			buildConfigurationList = 5611183A1F6A128700BD1B38 /* Build configuration list for PBXProject "MVC" */;
			compatibilityVersion = "Xcode 3.2";
			developmentRegion = English;
			hasScannedForEncodings = 0;
			knownRegions = (
				en,
				Base,
			);
			mainGroup = 561118361F6A128700BD1B38;
			productRefGroup = 561118401F6A128700BD1B38 /* Products */;
			projectDirPath = "";
			projectRoot = "";
			targets = (
				5611183E1F6A128700BD1B38 /* MVC */,
				561118521F6A128700BD1B38 /* MVCTests */,
				5611185D1F6A128700BD1B38 /* MVCUITests */,
			);
		};
/* End PBXProject section */

/* Begin PBXResourcesBuildPhase section */
		5611183D1F6A128700BD1B38 /* Resources */ = {
			isa = PBXResourcesBuildPhase;
			buildActionMask = 2147483647;
			files = (
				5611184D1F6A128700BD1B38 /* LaunchScreen.storyboard in Resources */,
				5611184A1F6A128700BD1B38 /* Assets.xcassets in Resources */,
				561118481F6A128700BD1B38 /* Main.storyboard in Resources */,
			);
			runOnlyForDeploymentPostprocessing = 0;
		};
		561118511F6A128700BD1B38 /* Resources */ = {
			isa = PBXResourcesBuildPhase;
			buildActionMask = 2147483647;
			files = (
			);
			runOnlyForDeploymentPostprocessing = 0;
		};
		5611185C1F6A128700BD1B38 /* Resources */ = {
			isa = PBXResourcesBuildPhase;
			buildActionMask = 2147483647;
			files = (
			);
			runOnlyForDeploymentPostprocessing = 0;
		};
/* End PBXResourcesBuildPhase section */

/* Begin PBXSourcesBuildPhase section */
		5611183B1F6A128700BD1B38 /* Sources */ = {
			isa = PBXSourcesBuildPhase;
			buildActionMask = 2147483647;
			files = (
				561118451F6A128700BD1B38 /* ViewController.swift in Sources */,
				561118751F6A12FD00BD1B38 /* Person.swift in Sources */,
				561118431F6A128700BD1B38 /* AppDelegate.swift in Sources */,
			);
			runOnlyForDeploymentPostprocessing = 0;
		};
		5611184F1F6A128700BD1B38 /* Sources */ = {
			isa = PBXSourcesBuildPhase;
			buildActionMask = 2147483647;
			files = (
				561118581F6A128700BD1B38 /* MVCTests.swift in Sources */,
			);
			runOnlyForDeploymentPostprocessing = 0;
		};
		5611185A1F6A128700BD1B38 /* Sources */ = {
			isa = PBXSourcesBuildPhase;
			buildActionMask = 2147483647;
			files = (
				561118631F6A128700BD1B38 /* MVCUITests.swift in Sources */,
			);
			runOnlyForDeploymentPostprocessing = 0;
		};
/* End PBXSourcesBuildPhase section */

/* Begin PBXTargetDependency section */
		561118551F6A128700BD1B38 /* PBXTargetDependency */ = {
			isa = PBXTargetDependency;
			target = 5611183E1F6A128700BD1B38 /* MVC */;
			targetProxy = 561118541F6A128700BD1B38 /* PBXContainerItemProxy */;
		};
		561118601F6A128700BD1B38 /* PBXTargetDependency */ = {
			isa = PBXTargetDependency;
			target = 5611183E1F6A128700BD1B38 /* MVC */;
			targetProxy = 5611185F1F6A128700BD1B38 /* PBXContainerItemProxy */;
		};
/* End PBXTargetDependency section */

/* Begin PBXVariantGroup section */
		561118461F6A128700BD1B38 /* Main.storyboard */ = {
			isa = PBXVariantGroup;
			children = (
				561118471F6A128700BD1B38 /* Base */,
			);
			name = Main.storyboard;
			sourceTree = "<group>";
		};
		5611184B1F6A128700BD1B38 /* LaunchScreen.storyboard */ = {
			isa = PBXVariantGroup;
			children = (
				5611184C1F6A128700BD1B38 /* Base */,
			);
			name = LaunchScreen.storyboard;
			sourceTree = "<group>";
		};
/* End PBXVariantGroup section */

/* Begin XCBuildConfiguration section */
		561118651F6A128700BD1B38 /* Debug */ = {
			isa = XCBuildConfiguration;
			buildSettings = {
				ALWAYS_SEARCH_USER_PATHS = NO;
				CLANG_ANALYZER_NONNULL = YES;
				CLANG_ANALYZER_NUMBER_OBJECT_CONVERSION = YES_AGGRESSIVE;
				CLANG_CXX_LANGUAGE_STANDARD = "gnu++0x";
				CLANG_CXX_LIBRARY = "libc++";
				CLANG_ENABLE_MODULES = YES;
				CLANG_ENABLE_OBJC_ARC = YES;
				CLANG_WARN_BOOL_CONVERSION = YES;
				CLANG_WARN_CONSTANT_CONVERSION = YES;
				CLANG_WARN_DIRECT_OBJC_ISA_USAGE = YES_ERROR;
				CLANG_WARN_DOCUMENTATION_COMMENTS = YES;
				CLANG_WARN_EMPTY_BODY = YES;
				CLANG_WARN_ENUM_CONVERSION = YES;
				CLANG_WARN_INFINITE_RECURSION = YES;
				CLANG_WARN_INT_CONVERSION = YES;
				CLANG_WARN_OBJC_ROOT_CLASS = YES_ERROR;
				CLANG_WARN_SUSPICIOUS_MOVE = YES;
				CLANG_WARN_UNREACHABLE_CODE = YES;
				CLANG_WARN__DUPLICATE_METHOD_MATCH = YES;
				"CODE_SIGN_IDENTITY[sdk=iphoneos*]" = "iPhone Developer";
				COPY_PHASE_STRIP = NO;
				DEBUG_INFORMATION_FORMAT = dwarf;
				ENABLE_STRICT_OBJC_MSGSEND = YES;
				ENABLE_TESTABILITY = YES;
				GCC_C_LANGUAGE_STANDARD = gnu99;
				GCC_DYNAMIC_NO_PIC = NO;
				GCC_NO_COMMON_BLOCKS = YES;
				GCC_OPTIMIZATION_LEVEL = 0;
				GCC_PREPROCESSOR_DEFINITIONS = (
					"DEBUG=1",
					"$(inherited)",
				);
				GCC_WARN_64_TO_32_BIT_CONVERSION = YES;
				GCC_WARN_ABOUT_RETURN_TYPE = YES_ERROR;
				GCC_WARN_UNDECLARED_SELECTOR = YES;
				GCC_WARN_UNINITIALIZED_AUTOS = YES_AGGRESSIVE;
				GCC_WARN_UNUSED_FUNCTION = YES;
				GCC_WARN_UNUSED_VARIABLE = YES;
				IPHONEOS_DEPLOYMENT_TARGET = 10.3;
				MTL_ENABLE_DEBUG_INFO = YES;
				ONLY_ACTIVE_ARCH = YES;
				SDKROOT = iphoneos;
				SWIFT_ACTIVE_COMPILATION_CONDITIONS = DEBUG;
				SWIFT_OPTIMIZATION_LEVEL = "-Onone";
				TARGETED_DEVICE_FAMILY = "1,2";
			};
			name = Debug;
		};
		561118661F6A128700BD1B38 /* Release */ = {
			isa = XCBuildConfiguration;
			buildSettings = {
				ALWAYS_SEARCH_USER_PATHS = NO;
				CLANG_ANALYZER_NONNULL = YES;
				CLANG_ANALYZER_NUMBER_OBJECT_CONVERSION = YES_AGGRESSIVE;
				CLANG_CXX_LANGUAGE_STANDARD = "gnu++0x";
				CLANG_CXX_LIBRARY = "libc++";
				CLANG_ENABLE_MODULES = YES;
				CLANG_ENABLE_OBJC_ARC = YES;
				CLANG_WARN_BOOL_CONVERSION = YES;
				CLANG_WARN_CONSTANT_CONVERSION = YES;
				CLANG_WARN_DIRECT_OBJC_ISA_USAGE = YES_ERROR;
				CLANG_WARN_DOCUMENTATION_COMMENTS = YES;
				CLANG_WARN_EMPTY_BODY = YES;
				CLANG_WARN_ENUM_CONVERSION = YES;
				CLANG_WARN_INFINITE_RECURSION = YES;
				CLANG_WARN_INT_CONVERSION = YES;
				CLANG_WARN_OBJC_ROOT_CLASS = YES_ERROR;
				CLANG_WARN_SUSPICIOUS_MOVE = YES;
				CLANG_WARN_UNREACHABLE_CODE = YES;
				CLANG_WARN__DUPLICATE_METHOD_MATCH = YES;
				"CODE_SIGN_IDENTITY[sdk=iphoneos*]" = "iPhone Developer";
				COPY_PHASE_STRIP = NO;
				DEBUG_INFORMATION_FORMAT = "dwarf-with-dsym";
				ENABLE_NS_ASSERTIONS = NO;
				ENABLE_STRICT_OBJC_MSGSEND = YES;
				GCC_C_LANGUAGE_STANDARD = gnu99;
				GCC_NO_COMMON_BLOCKS = YES;
				GCC_WARN_64_TO_32_BIT_CONVERSION = YES;
				GCC_WARN_ABOUT_RETURN_TYPE = YES_ERROR;
				GCC_WARN_UNDECLARED_SELECTOR = YES;
				GCC_WARN_UNINITIALIZED_AUTOS = YES_AGGRESSIVE;
				GCC_WARN_UNUSED_FUNCTION = YES;
				GCC_WARN_UNUSED_VARIABLE = YES;
				IPHONEOS_DEPLOYMENT_TARGET = 10.3;
				MTL_ENABLE_DEBUG_INFO = NO;
				SDKROOT = iphoneos;
				SWIFT_OPTIMIZATION_LEVEL = "-Owholemodule";
				TARGETED_DEVICE_FAMILY = "1,2";
				VALIDATE_PRODUCT = YES;
			};
			name = Release;
		};
		561118681F6A128700BD1B38 /* Debug */ = {
			isa = XCBuildConfiguration;
			buildSettings = {
				ASSETCATALOG_COMPILER_APPICON_NAME = AppIcon;
				DEVELOPMENT_TEAM = HX62J36Y6Q;
				INFOPLIST_FILE = MVC/Info.plist;
				LD_RUNPATH_SEARCH_PATHS = "$(inherited) @executable_path/Frameworks";
				PRODUCT_BUNDLE_IDENTIFIER = com.swami.MVC;
				PRODUCT_NAME = "$(TARGET_NAME)";
				SWIFT_VERSION = 3.0;
			};
			name = Debug;
		};
		561118691F6A128700BD1B38 /* Release */ = {
			isa = XCBuildConfiguration;
			buildSettings = {
				ASSETCATALOG_COMPILER_APPICON_NAME = AppIcon;
				DEVELOPMENT_TEAM = HX62J36Y6Q;
				INFOPLIST_FILE = MVC/Info.plist;
				LD_RUNPATH_SEARCH_PATHS = "$(inherited) @executable_path/Frameworks";
				PRODUCT_BUNDLE_IDENTIFIER = com.swami.MVC;
				PRODUCT_NAME = "$(TARGET_NAME)";
				SWIFT_VERSION = 3.0;
			};
			name = Release;
		};
		5611186B1F6A128700BD1B38 /* Debug */ = {
			isa = XCBuildConfiguration;
			buildSettings = {
				ALWAYS_EMBED_SWIFT_STANDARD_LIBRARIES = YES;
				BUNDLE_LOADER = "$(TEST_HOST)";
				DEVELOPMENT_TEAM = HX62J36Y6Q;
				INFOPLIST_FILE = MVCTests/Info.plist;
				LD_RUNPATH_SEARCH_PATHS = "$(inherited) @executable_path/Frameworks @loader_path/Frameworks";
				PRODUCT_BUNDLE_IDENTIFIER = com.swami.MVCTests;
				PRODUCT_NAME = "$(TARGET_NAME)";
				SWIFT_VERSION = 3.0;
				TEST_HOST = "$(BUILT_PRODUCTS_DIR)/MVC.app/MVC";
			};
			name = Debug;
		};
		5611186C1F6A128700BD1B38 /* Release */ = {
			isa = XCBuildConfiguration;
			buildSettings = {
				ALWAYS_EMBED_SWIFT_STANDARD_LIBRARIES = YES;
				BUNDLE_LOADER = "$(TEST_HOST)";
				DEVELOPMENT_TEAM = HX62J36Y6Q;
				INFOPLIST_FILE = MVCTests/Info.plist;
				LD_RUNPATH_SEARCH_PATHS = "$(inherited) @executable_path/Frameworks @loader_path/Frameworks";
				PRODUCT_BUNDLE_IDENTIFIER = com.swami.MVCTests;
				PRODUCT_NAME = "$(TARGET_NAME)";
				SWIFT_VERSION = 3.0;
				TEST_HOST = "$(BUILT_PRODUCTS_DIR)/MVC.app/MVC";
			};
			name = Release;
		};
		5611186E1F6A128700BD1B38 /* Debug */ = {
			isa = XCBuildConfiguration;
			buildSettings = {
				ALWAYS_EMBED_SWIFT_STANDARD_LIBRARIES = YES;
				DEVELOPMENT_TEAM = HX62J36Y6Q;
				INFOPLIST_FILE = MVCUITests/Info.plist;
				LD_RUNPATH_SEARCH_PATHS = "$(inherited) @executable_path/Frameworks @loader_path/Frameworks";
				PRODUCT_BUNDLE_IDENTIFIER = com.swami.MVCUITests;
				PRODUCT_NAME = "$(TARGET_NAME)";
				SWIFT_VERSION = 3.0;
				TEST_TARGET_NAME = MVC;
			};
			name = Debug;
		};
		5611186F1F6A128700BD1B38 /* Release */ = {
			isa = XCBuildConfiguration;
			buildSettings = {
				ALWAYS_EMBED_SWIFT_STANDARD_LIBRARIES = YES;
				DEVELOPMENT_TEAM = HX62J36Y6Q;
				INFOPLIST_FILE = MVCUITests/Info.plist;
				LD_RUNPATH_SEARCH_PATHS = "$(inherited) @executable_path/Frameworks @loader_path/Frameworks";
				PRODUCT_BUNDLE_IDENTIFIER = com.swami.MVCUITests;
				PRODUCT_NAME = "$(TARGET_NAME)";
				SWIFT_VERSION = 3.0;
				TEST_TARGET_NAME = MVC;
			};
			name = Release;
		};
/* End XCBuildConfiguration section */

/* Begin XCConfigurationList section */
		5611183A1F6A128700BD1B38 /* Build configuration list for PBXProject "MVC" */ = {
			isa = XCConfigurationList;
			buildConfigurations = (
				561118651F6A128700BD1B38 /* Debug */,
				561118661F6A128700BD1B38 /* Release */,
			);
			defaultConfigurationIsVisible = 0;
			defaultConfigurationName = Release;
		};
		561118671F6A128700BD1B38 /* Build configuration list for PBXNativeTarget "MVC" */ = {
			isa = XCConfigurationList;
			buildConfigurations = (
				561118681F6A128700BD1B38 /* Debug */,
				561118691F6A128700BD1B38 /* Release */,
			);
			defaultConfigurationIsVisible = 0;
		};
		5611186A1F6A128700BD1B38 /* Build configuration list for PBXNativeTarget "MVCTests" */ = {
			isa = XCConfigurationList;
			buildConfigurations = (
				5611186B1F6A128700BD1B38 /* Debug */,
				5611186C1F6A128700BD1B38 /* Release */,
			);
			defaultConfigurationIsVisible = 0;
		};
		5611186D1F6A128700BD1B38 /* Build configuration list for PBXNativeTarget "MVCUITests" */ = {
			isa = XCConfigurationList;
			buildConfigurations = (
				5611186E1F6A128700BD1B38 /* Debug */,
				5611186F1F6A128700BD1B38 /* Release */,
			);
			defaultConfigurationIsVisible = 0;
		};
/* End XCConfigurationList section */
	};
	rootObject = 561118371F6A128700BD1B38 /* Project object */;
}
